// !$*UTF8*$!
{
	archiveVersion = 1;
	classes = {
	};
	objectVersion = 46;
	objects = {

/* Begin PBXBuildFile section */
		B78ABDB419449C7F00D586D4 /* Foundation.framework in Frameworks */ = {isa = PBXBuildFile; fileRef = B78ABDB319449C7F00D586D4 /* Foundation.framework */; };
		B78ABDB619449C7F00D586D4 /* CoreGraphics.framework in Frameworks */ = {isa = PBXBuildFile; fileRef = B78ABDB519449C7F00D586D4 /* CoreGraphics.framework */; };
		B78ABDB819449C7F00D586D4 /* UIKit.framework in Frameworks */ = {isa = PBXBuildFile; fileRef = B78ABDB719449C7F00D586D4 /* UIKit.framework */; };
		B78ABDBE19449C7F00D586D4 /* InfoPlist.strings in Resources */ = {isa = PBXBuildFile; fileRef = B78ABDBC19449C7F00D586D4 /* InfoPlist.strings */; };
		B78ABDC019449C7F00D586D4 /* main.m in Sources */ = {isa = PBXBuildFile; fileRef = B78ABDBF19449C7F00D586D4 /* main.m */; };
		B78ABDC419449C7F00D586D4 /* RBWAppDelegate.m in Sources */ = {isa = PBXBuildFile; fileRef = B78ABDC319449C7F00D586D4 /* RBWAppDelegate.m */; };
		B78ABDC719449C7F00D586D4 /* Main.storyboard in Resources */ = {isa = PBXBuildFile; fileRef = B78ABDC519449C7F00D586D4 /* Main.storyboard */; };
		B78ABDCA19449C7F00D586D4 /* RBWViewController.m in Sources */ = {isa = PBXBuildFile; fileRef = B78ABDC919449C7F00D586D4 /* RBWViewController.m */; };
		B78ABDCC19449C7F00D586D4 /* Images.xcassets in Resources */ = {isa = PBXBuildFile; fileRef = B78ABDCB19449C7F00D586D4 /* Images.xcassets */; };
		B78ABDD319449C7F00D586D4 /* XCTest.framework in Frameworks */ = {isa = PBXBuildFile; fileRef = B78ABDD219449C7F00D586D4 /* XCTest.framework */; };
		B78ABDD419449C7F00D586D4 /* Foundation.framework in Frameworks */ = {isa = PBXBuildFile; fileRef = B78ABDB319449C7F00D586D4 /* Foundation.framework */; };
		B78ABDD519449C7F00D586D4 /* UIKit.framework in Frameworks */ = {isa = PBXBuildFile; fileRef = B78ABDB719449C7F00D586D4 /* UIKit.framework */; };
		B78ABDDD19449C7F00D586D4 /* InfoPlist.strings in Resources */ = {isa = PBXBuildFile; fileRef = B78ABDDB19449C7F00D586D4 /* InfoPlist.strings */; };
		B78ABDDF19449C7F00D586D4 /* MyFirstApplicationTests.m in Sources */ = {isa = PBXBuildFile; fileRef = B78ABDDE19449C7F00D586D4 /* MyFirstApplicationTests.m */; };
/* End PBXBuildFile section */

/* Begin PBXContainerItemProxy section */
		B78ABDD619449C7F00D586D4 /* PBXContainerItemProxy */ = {
			isa = PBXContainerItemProxy;
			containerPortal = B78ABDA819449C7F00D586D4 /* Project object */;
			proxyType = 1;
			remoteGlobalIDString = B78ABDAF19449C7F00D586D4;
			remoteInfo = MyFirstApplication;
		};
/* End PBXContainerItemProxy section */

/* Begin PBXFileReference section */
		B78ABDB019449C7F00D586D4 /* MyFirstApplication.app */ = {isa = PBXFileReference; explicitFileType = wrapper.application; includeInIndex = 0; path = MyFirstApplication.app; sourceTree = BUILT_PRODUCTS_DIR; };
		B78ABDB319449C7F00D586D4 /* Foundation.framework */ = {isa = PBXFileReference; lastKnownFileType = wrapper.framework; name = Foundation.framework; path = System/Library/Frameworks/Foundation.framework; sourceTree = SDKROOT; };
		B78ABDB519449C7F00D586D4 /* CoreGraphics.framework */ = {isa = PBXFileReference; lastKnownFileType = wrapper.framework; name = CoreGraphics.framework; path = System/Library/Frameworks/CoreGraphics.framework; sourceTree = SDKROOT; };
		B78ABDB719449C7F00D586D4 /* UIKit.framework */ = {isa = PBXFileReference; lastKnownFileType = wrapper.framework; name = UIKit.framework; path = System/Library/Frameworks/UIKit.framework; sourceTree = SDKROOT; };
		B78ABDBB19449C7F00D586D4 /* MyFirstApplication-Info.plist */ = {isa = PBXFileReference; lastKnownFileType = text.plist.xml; path = "MyFirstApplication-Info.plist"; sourceTree = "<group>"; };
		B78ABDBD19449C7F00D586D4 /* en */ = {isa = PBXFileReference; lastKnownFileType = text.plist.strings; name = en; path = en.lproj/InfoPlist.strings; sourceTree = "<group>"; };
		B78ABDBF19449C7F00D586D4 /* main.m */ = {isa = PBXFileReference; lastKnownFileType = sourcecode.c.objc; path = main.m; sourceTree = "<group>"; };
		B78ABDC119449C7F00D586D4 /* MyFirstApplication-Prefix.pch */ = {isa = PBXFileReference; lastKnownFileType = sourcecode.c.h; path = "MyFirstApplication-Prefix.pch"; sourceTree = "<group>"; };
		B78ABDC219449C7F00D586D4 /* RBWAppDelegate.h */ = {isa = PBXFileReference; lastKnownFileType = sourcecode.c.h; path = RBWAppDelegate.h; sourceTree = "<group>"; };
		B78ABDC319449C7F00D586D4 /* RBWAppDelegate.m */ = {isa = PBXFileReference; lastKnownFileType = sourcecode.c.objc; path = RBWAppDelegate.m; sourceTree = "<group>"; };
		B78ABDC619449C7F00D586D4 /* Base */ = {isa = PBXFileReference; lastKnownFileType = file.storyboard; name = Base; path = Base.lproj/Main.storyboard; sourceTree = "<group>"; };
		B78ABDC819449C7F00D586D4 /* RBWViewController.h */ = {isa = PBXFileReference; lastKnownFileType = sourcecode.c.h; path = RBWViewController.h; sourceTree = "<group>"; };
		B78ABDC919449C7F00D586D4 /* RBWViewController.m */ = {isa = PBXFileReference; lastKnownFileType = sourcecode.c.objc; path = RBWViewController.m; sourceTree = "<group>"; };
		B78ABDCB19449C7F00D586D4 /* Images.xcassets */ = {isa = PBXFileReference; lastKnownFileType = folder.assetcatalog; path = Images.xcassets; sourceTree = "<group>"; };
		B78ABDD119449C7F00D586D4 /* MyFirstApplicationTests.xctest */ = {isa = PBXFileReference; explicitFileType = wrapper.cfbundle; includeInIndex = 0; path = MyFirstApplicationTests.xctest; sourceTree = BUILT_PRODUCTS_DIR; };
		B78ABDD219449C7F00D586D4 /* XCTest.framework */ = {isa = PBXFileReference; lastKnownFileType = wrapper.framework; name = XCTest.framework; path = Library/Frameworks/XCTest.framework; sourceTree = DEVELOPER_DIR; };
		B78ABDDA19449C7F00D586D4 /* MyFirstApplicationTests-Info.plist */ = {isa = PBXFileReference; lastKnownFileType = text.plist.xml; path = "MyFirstApplicationTests-Info.plist"; sourceTree = "<group>"; };
		B78ABDDC19449C7F00D586D4 /* en */ = {isa = PBXFileReference; lastKnownFileType = text.plist.strings; name = en; path = en.lproj/InfoPlist.strings; sourceTree = "<group>"; };
		B78ABDDE19449C7F00D586D4 /* MyFirstApplicationTests.m */ = {isa = PBXFileReference; lastKnownFileType = sourcecode.c.objc; path = MyFirstApplicationTests.m; sourceTree = "<group>"; };
/* End PBXFileReference section */

/* Begin PBXFrameworksBuildPhase section */
		B78ABDAD19449C7F00D586D4 /* Frameworks */ = {
			isa = PBXFrameworksBuildPhase;
			buildActionMask = 2147483647;
			files = (
				B78ABDB619449C7F00D586D4 /* CoreGraphics.framework in Frameworks */,
				B78ABDB819449C7F00D586D4 /* UIKit.framework in Frameworks */,
				B78ABDB419449C7F00D586D4 /* Foundation.framework in Frameworks */,
			);
			runOnlyForDeploymentPostprocessing = 0;
		};
		B78ABDCE19449C7F00D586D4 /* Frameworks */ = {
			isa = PBXFrameworksBuildPhase;
			buildActionMask = 2147483647;
			files = (
				B78ABDD319449C7F00D586D4 /* XCTest.framework in Frameworks */,
				B78ABDD519449C7F00D586D4 /* UIKit.framework in Frameworks */,
				B78ABDD419449C7F00D586D4 /* Foundation.framework in Frameworks */,
			);
			runOnlyForDeploymentPostprocessing = 0;
		};
/* End PBXFrameworksBuildPhase section */

/* Begin PBXGroup section */
		B78ABDA719449C7F00D586D4 = {
			isa = PBXGroup;
			children = (
				B78ABDB919449C7F00D586D4 /* MyFirstApplication */,
				B78ABDD819449C7F00D586D4 /* MyFirstApplicationTests */,
				B78ABDB219449C7F00D586D4 /* Frameworks */,
				B78ABDB119449C7F00D586D4 /* Products */,
			);
			sourceTree = "<group>";
		};
		B78ABDB119449C7F00D586D4 /* Products */ = {
			isa = PBXGroup;
			children = (
				B78ABDB019449C7F00D586D4 /* MyFirstApplication.app */,
				B78ABDD119449C7F00D586D4 /* MyFirstApplicationTests.xctest */,
			);
			name = Products;
			sourceTree = "<group>";
		};
		B78ABDB219449C7F00D586D4 /* Frameworks */ = {
			isa = PBXGroup;
			children = (
				B78ABDB319449C7F00D586D4 /* Foundation.framework */,
				B78ABDB519449C7F00D586D4 /* CoreGraphics.framework */,
				B78ABDB719449C7F00D586D4 /* UIKit.framework */,
				B78ABDD219449C7F00D586D4 /* XCTest.framework */,
			);
			name = Frameworks;
			sourceTree = "<group>";
		};
		B78ABDB919449C7F00D586D4 /* MyFirstApplication */ = {
			isa = PBXGroup;
			children = (
				B78ABDC219449C7F00D586D4 /* RBWAppDelegate.h */,
				B78ABDC319449C7F00D586D4 /* RBWAppDelegate.m */,
				B78ABDC519449C7F00D586D4 /* Main.storyboard */,
				B78ABDC819449C7F00D586D4 /* RBWViewController.h */,
				B78ABDC919449C7F00D586D4 /* RBWViewController.m */,
				B78ABDCB19449C7F00D586D4 /* Images.xcassets */,
				B78ABDBA19449C7F00D586D4 /* Supporting Files */,
			);
			path = MyFirstApplication;
			sourceTree = "<group>";
		};
		B78ABDBA19449C7F00D586D4 /* Supporting Files */ = {
			isa = PBXGroup;
			children = (
				B78ABDBB19449C7F00D586D4 /* MyFirstApplication-Info.plist */,
				B78ABDBC19449C7F00D586D4 /* InfoPlist.strings */,
				B78ABDBF19449C7F00D586D4 /* main.m */,
				B78ABDC119449C7F00D586D4 /* MyFirstApplication-Prefix.pch */,
			);
			name = "Supporting Files";
			sourceTree = "<group>";
		};
		B78ABDD819449C7F00D586D4 /* MyFirstApplicationTests */ = {
			isa = PBXGroup;
			children = (
				B78ABDDE19449C7F00D586D4 /* MyFirstApplicationTests.m */,
				B78ABDD919449C7F00D586D4 /* Supporting Files */,
			);
			path = MyFirstApplicationTests;
			sourceTree = "<group>";
		};
		B78ABDD919449C7F00D586D4 /* Supporting Files */ = {
			isa = PBXGroup;
			children = (
				B78ABDDA19449C7F00D586D4 /* MyFirstApplicationTests-Info.plist */,
				B78ABDDB19449C7F00D586D4 /* InfoPlist.strings */,
			);
			name = "Supporting Files";
			sourceTree = "<group>";
		};
/* End PBXGroup section */

/* Begin PBXNativeTarget section */
		B78ABDAF19449C7F00D586D4 /* MyFirstApplication */ = {
			isa = PBXNativeTarget;
			buildConfigurationList = B78ABDE219449C7F00D586D4 /* Build configuration list for PBXNativeTarget "MyFirstApplication" */;
			buildPhases = (
				B78ABDAC19449C7F00D586D4 /* Sources */,
				B78ABDAD19449C7F00D586D4 /* Frameworks */,
				B78ABDAE19449C7F00D586D4 /* Resources */,
			);
			buildRules = (
			);
			dependencies = (
			);
			name = MyFirstApplication;
			productName = MyFirstApplication;
			productReference = B78ABDB019449C7F00D586D4 /* MyFirstApplication.app */;
			productType = "com.apple.product-type.application";
		};
		B78ABDD019449C7F00D586D4 /* MyFirstApplicationTests */ = {
			isa = PBXNativeTarget;
			buildConfigurationList = B78ABDE519449C7F00D586D4 /* Build configuration list for PBXNativeTarget "MyFirstApplicationTests" */;
			buildPhases = (
				B78ABDCD19449C7F00D586D4 /* Sources */,
				B78ABDCE19449C7F00D586D4 /* Frameworks */,
				B78ABDCF19449C7F00D586D4 /* Resources */,
			);
			buildRules = (
			);
			dependencies = (
				B78ABDD719449C7F00D586D4 /* PBXTargetDependency */,
			);
			name = MyFirstApplicationTests;
			productName = MyFirstApplicationTests;
			productReference = B78ABDD119449C7F00D586D4 /* MyFirstApplicationTests.xctest */;
			productType = "com.apple.product-type.bundle.unit-test";
		};
/* End PBXNativeTarget section */

/* Begin PBXProject section */
		B78ABDA819449C7F00D586D4 /* Project object */ = {
			isa = PBXProject;
			attributes = {
				CLASSPREFIX = RBW;
				LastUpgradeCheck = 0510;
				ORGANIZATIONNAME = "Rode Boei Webdesign";
				TargetAttributes = {
					B78ABDD019449C7F00D586D4 = {
						TestTargetID = B78ABDAF19449C7F00D586D4;
					};
				};
			};
			buildConfigurationList = B78ABDAB19449C7F00D586D4 /* Build configuration list for PBXProject "MyFirstApplication" */;
			compatibilityVersion = "Xcode 3.2";
			developmentRegion = English;
			hasScannedForEncodings = 0;
			knownRegions = (
				en,
				Base,
			);
			mainGroup = B78ABDA719449C7F00D586D4;
			productRefGroup = B78ABDB119449C7F00D586D4 /* Products */;
			projectDirPath = "";
			projectRoot = "";
			targets = (
				B78ABDAF19449C7F00D586D4 /* MyFirstApplication */,
				B78ABDD019449C7F00D586D4 /* MyFirstApplicationTests */,
			);
		};
/* End PBXProject section */

/* Begin PBXResourcesBuildPhase section */
		B78ABDAE19449C7F00D586D4 /* Resources */ = {
			isa = PBXResourcesBuildPhase;
			buildActionMask = 2147483647;
			files = (
				B78ABDCC19449C7F00D586D4 /* Images.xcassets in Resources */,
				B78ABDBE19449C7F00D586D4 /* InfoPlist.strings in Resources */,
				B78ABDC719449C7F00D586D4 /* Main.storyboard in Resources */,
			);
			runOnlyForDeploymentPostprocessing = 0;
		};
		B78ABDCF19449C7F00D586D4 /* Resources */ = {
			isa = PBXResourcesBuildPhase;
			buildActionMask = 2147483647;
			files = (
				B78ABDDD19449C7F00D586D4 /* InfoPlist.strings in Resources */,
			);
			runOnlyForDeploymentPostprocessing = 0;
		};
/* End PBXResourcesBuildPhase section */

/* Begin PBXSourcesBuildPhase section */
		B78ABDAC19449C7F00D586D4 /* Sources */ = {
			isa = PBXSourcesBuildPhase;
			buildActionMask = 2147483647;
			files = (
				B78ABDCA19449C7F00D586D4 /* RBWViewController.m in Sources */,
				B78ABDC419449C7F00D586D4 /* RBWAppDelegate.m in Sources */,
				B78ABDC019449C7F00D586D4 /* main.m in Sources */,
			);
			runOnlyForDeploymentPostprocessing = 0;
		};
		B78ABDCD19449C7F00D586D4 /* Sources */ = {
			isa = PBXSourcesBuildPhase;
			buildActionMask = 2147483647;
			files = (
				B78ABDDF19449C7F00D586D4 /* MyFirstApplicationTests.m in Sources */,
			);
			runOnlyForDeploymentPostprocessing = 0;
		};
/* End PBXSourcesBuildPhase section */

/* Begin PBXTargetDependency section */
		B78ABDD719449C7F00D586D4 /* PBXTargetDependency */ = {
			isa = PBXTargetDependency;
			target = B78ABDAF19449C7F00D586D4 /* MyFirstApplication */;
			targetProxy = B78ABDD619449C7F00D586D4 /* PBXContainerItemProxy */;
		};
/* End PBXTargetDependency section */

/* Begin PBXVariantGroup section */
		B78ABDBC19449C7F00D586D4 /* InfoPlist.strings */ = {
			isa = PBXVariantGroup;
			children = (
				B78ABDBD19449C7F00D586D4 /* en */,
			);
			name = InfoPlist.strings;
			sourceTree = "<group>";
		};
		B78ABDC519449C7F00D586D4 /* Main.storyboard */ = {
			isa = PBXVariantGroup;
			children = (
				B78ABDC619449C7F00D586D4 /* Base */,
			);
			name = Main.storyboard;
			sourceTree = "<group>";
		};
		B78ABDDB19449C7F00D586D4 /* InfoPlist.strings */ = {
			isa = PBXVariantGroup;
			children = (
				B78ABDDC19449C7F00D586D4 /* en */,
			);
			name = InfoPlist.strings;
			sourceTree = "<group>";
		};
/* End PBXVariantGroup section */

/* Begin XCBuildConfiguration section */
		B78ABDE019449C7F00D586D4 /* Debug */ = {
			isa = XCBuildConfiguration;
			buildSettings = {
				ALWAYS_SEARCH_USER_PATHS = NO;
				CLANG_CXX_LANGUAGE_STANDARD = "gnu++0x";
				CLANG_CXX_LIBRARY = "libc++";
				CLANG_ENABLE_MODULES = YES;
				CLANG_ENABLE_OBJC_ARC = YES;
				CLANG_WARN_BOOL_CONVERSION = YES;
				CLANG_WARN_CONSTANT_CONVERSION = YES;
				CLANG_WARN_DIRECT_OBJC_ISA_USAGE = YES_ERROR;
				CLANG_WARN_EMPTY_BODY = YES;
				CLANG_WARN_ENUM_CONVERSION = YES;
				CLANG_WARN_INT_CONVERSION = YES;
				CLANG_WARN_OBJC_ROOT_CLASS = YES_ERROR;
				CLANG_WARN__DUPLICATE_METHOD_MATCH = YES;
				"CODE_SIGN_IDENTITY[sdk=iphoneos*]" = "iPhone Developer";
				COPY_PHASE_STRIP = NO;
				GCC_C_LANGUAGE_STANDARD = gnu99;
				GCC_DYNAMIC_NO_PIC = NO;
				GCC_OPTIMIZATION_LEVEL = 0;
				GCC_PREPROCESSOR_DEFINITIONS = (
					"DEBUG=1",
					"$(inherited)",
				);
				GCC_SYMBOLS_PRIVATE_EXTERN = NO;
				GCC_WARN_64_TO_32_BIT_CONVERSION = YES;
				GCC_WARN_ABOUT_RETURN_TYPE = YES_ERROR;
				GCC_WARN_UNDECLARED_SELECTOR = YES;
				GCC_WARN_UNINITIALIZED_AUTOS = YES_AGGRESSIVE;
				GCC_WARN_UNUSED_FUNCTION = YES;
				GCC_WARN_UNUSED_VARIABLE = YES;
				IPHONEOS_DEPLOYMENT_TARGET = 7.1;
				ONLY_ACTIVE_ARCH = YES;
				SDKROOT = iphoneos;
			};
			name = Debug;
		};
		B78ABDE119449C7F00D586D4 /* Release */ = {
			isa = XCBuildConfiguration;
			buildSettings = {
				ALWAYS_SEARCH_USER_PATHS = NO;
				CLANG_CXX_LANGUAGE_STANDARD = "gnu++0x";
				CLANG_CXX_LIBRARY = "libc++";
				CLANG_ENABLE_MODULES = YES;
				CLANG_ENABLE_OBJC_ARC = YES;
				CLANG_WARN_BOOL_CONVERSION = YES;
				CLANG_WARN_CONSTANT_CONVERSION = YES;
				CLANG_WARN_DIRECT_OBJC_ISA_USAGE = YES_ERROR;
				CLANG_WARN_EMPTY_BODY = YES;
				CLANG_WARN_ENUM_CONVERSION = YES;
				CLANG_WARN_INT_CONVERSION = YES;
				CLANG_WARN_OBJC_ROOT_CLASS = YES_ERROR;
				CLANG_WARN__DUPLICATE_METHOD_MATCH = YES;
				"CODE_SIGN_IDENTITY[sdk=iphoneos*]" = "iPhone Developer";
				COPY_PHASE_STRIP = YES;
				ENABLE_NS_ASSERTIONS = NO;
				GCC_C_LANGUAGE_STANDARD = gnu99;
				GCC_WARN_64_TO_32_BIT_CONVERSION = YES;
				GCC_WARN_ABOUT_RETURN_TYPE = YES_ERROR;
				GCC_WARN_UNDECLARED_SELECTOR = YES;
				GCC_WARN_UNINITIALIZED_AUTOS = YES_AGGRESSIVE;
				GCC_WARN_UNUSED_FUNCTION = YES;
				GCC_WARN_UNUSED_VARIABLE = YES;
				IPHONEOS_DEPLOYMENT_TARGET = 7.1;
				SDKROOT = iphoneos;
				VALIDATE_PRODUCT = YES;
			};
			name = Release;
		};
		B78ABDE319449C7F00D586D4 /* Debug */ = {
			isa = XCBuildConfiguration;
			buildSettings = {
				ASSETCATALOG_COMPILER_APPICON_NAME = AppIcon;
				ASSETCATALOG_COMPILER_LAUNCHIMAGE_NAME = LaunchImage;
				GCC_PRECOMPILE_PREFIX_HEADER = YES;
				GCC_PREFIX_HEADER = "MyFirstApplication/MyFirstApplication-Prefix.pch";
				INFOPLIST_FILE = "MyFirstApplication/MyFirstApplication-Info.plist";
				PRODUCT_NAME = "$(TARGET_NAME)";
				WRAPPER_EXTENSION = app;
			};
			name = Debug;
		};
		B78ABDE419449C7F00D586D4 /* Release */ = {
			isa = XCBuildConfiguration;
			buildSettings = {
				ASSETCATALOG_COMPILER_APPICON_NAME = AppIcon;
				ASSETCATALOG_COMPILER_LAUNCHIMAGE_NAME = LaunchImage;
				GCC_PRECOMPILE_PREFIX_HEADER = YES;
				GCC_PREFIX_HEADER = "MyFirstApplication/MyFirstApplication-Prefix.pch";
				INFOPLIST_FILE = "MyFirstApplication/MyFirstApplication-Info.plist";
				PRODUCT_NAME = "$(TARGET_NAME)";
				WRAPPER_EXTENSION = app;
			};
			name = Release;
		};
		B78ABDE619449C7F00D586D4 /* Debug */ = {
			isa = XCBuildConfiguration;
			buildSettings = {
				BUNDLE_LOADER = "$(BUILT_PRODUCTS_DIR)/MyFirstApplication.app/MyFirstApplication";
				FRAMEWORK_SEARCH_PATHS = (
					"$(SDKROOT)/Developer/Library/Frameworks",
					"$(inherited)",
					"$(DEVELOPER_FRAMEWORKS_DIR)",
				);
				GCC_PRECOMPILE_PREFIX_HEADER = YES;
				GCC_PREFIX_HEADER = "MyFirstApplication/MyFirstApplication-Prefix.pch";
				GCC_PREPROCESSOR_DEFINITIONS = (
					"DEBUG=1",
					"$(inherited)",
				);
				INFOPLIST_FILE = "MyFirstApplicationTests/MyFirstApplicationTests-Info.plist";
				PRODUCT_NAME = "$(TARGET_NAME)";
				TEST_HOST = "$(BUNDLE_LOADER)";
				WRAPPER_EXTENSION = xctest;
			};
			name = Debug;
		};
		B78ABDE719449C7F00D586D4 /* Release */ = {
			isa = XCBuildConfiguration;
			buildSettings = {
				BUNDLE_LOADER = "$(BUILT_PRODUCTS_DIR)/MyFirstApplication.app/MyFirstApplication";
				FRAMEWORK_SEARCH_PATHS = (
					"$(SDKROOT)/Developer/Library/Frameworks",
					"$(inherited)",
					"$(DEVELOPER_FRAMEWORKS_DIR)",
				);
				GCC_PRECOMPILE_PREFIX_HEADER = YES;
				GCC_PREFIX_HEADER = "MyFirstApplication/MyFirstApplication-Prefix.pch";
				INFOPLIST_FILE = "MyFirstApplicationTests/MyFirstApplicationTests-Info.plist";
				PRODUCT_NAME = "$(TARGET_NAME)";
				TEST_HOST = "$(BUNDLE_LOADER)";
				WRAPPER_EXTENSION = xctest;
			};
			name = Release;
		};
/* End XCBuildConfiguration section */

/* Begin XCConfigurationList section */
		B78ABDAB19449C7F00D586D4 /* Build configuration list for PBXProject "MyFirstApplication" */ = {
			isa = XCConfigurationList;
			buildConfigurations = (
				B78ABDE019449C7F00D586D4 /* Debug */,
				B78ABDE119449C7F00D586D4 /* Release */,
			);
			defaultConfigurationIsVisible = 0;
			defaultConfigurationName = Release;
		};
		B78ABDE219449C7F00D586D4 /* Build configuration list for PBXNativeTarget "MyFirstApplication" */ = {
			isa = XCConfigurationList;
			buildConfigurations = (
				B78ABDE319449C7F00D586D4 /* Debug */,
				B78ABDE419449C7F00D586D4 /* Release */,
			);
			defaultConfigurationIsVisible = 0;
		};
		B78ABDE519449C7F00D586D4 /* Build configuration list for PBXNativeTarget "MyFirstApplicationTests" */ = {
			isa = XCConfigurationList;
			buildConfigurations = (
				B78ABDE619449C7F00D586D4 /* Debug */,
				B78ABDE719449C7F00D586D4 /* Release */,
			);
			defaultConfigurationIsVisible = 0;
		};
/* End XCConfigurationList section */
	};
	rootObject = B78ABDA819449C7F00D586D4 /* Project object */;
}
